
Microsoft Visual Studio Solution File, Format Version 12.00
# Visual Studio 2013
VisualStudioVersion = 12.0.21005.1
MinimumVisualStudioVersion = 10.0.40219.1
Project("{FAE04EC0-301F-11D3-BF4B-00C04F79EFBC}") = "SurferTech.Service.WebHost", "SurferTech.Service.WebHost\SurferTech.Service.WebHost.csproj", "{861B58E4-ACFD-464F-BE3C-1BDAA593ED6A}"
EndProject
Project("{FAE04EC0-301F-11D3-BF4B-00C04F79EFBC}") = "SurferTech.Utils", "..\1.Common\SurferTech.Utils\SurferTech.Utils.csproj", "{88FF371D-BE12-469B-BEFB-654D8DCCA8C7}"
EndProject
Project("{2150E333-8FDC-42A3-9474-1A3956D46DE8}") = "Common", "Common", "{FF5C78F5-5ADD-40F1-B472-6A39E8E5247D}"
EndProject
Project("{FAE04EC0-301F-11D3-BF4B-00C04F79EFBC}") = "SurferTech.ServiceProxy", "..\1.Common\SurferTech.ServiceProxy\SurferTech.ServiceProxy.csproj", "{186D9347-AC05-4EEA-813C-819F62759AEA}"
EndProject
Global
	GlobalSection(SolutionConfigurationPlatforms) = preSolution
		Debug|Any CPU = Debug|Any CPU
		Release|Any CPU = Release|Any CPU
	EndGlobalSection
	GlobalSection(ProjectConfigurationPlatforms) = postSolution
		{861B58E4-ACFD-464F-BE3C-1BDAA593ED6A}.Debug|Any CPU.ActiveCfg = Debug|Any CPU
		{861B58E4-ACFD-464F-BE3C-1BDAA593ED6A}.Debug|Any CPU.Build.0 = Debug|Any CPU
		{861B58E4-ACFD-464F-BE3C-1BDAA593ED6A}.Release|Any CPU.ActiveCfg = Release|Any CPU
		{861B58E4-ACFD-464F-BE3C-1BDAA593ED6A}.Release|Any CPU.Build.0 = Release|Any CPU
		{88FF371D-BE12-469B-BEFB-654D8DCCA8C7}.Debug|Any CPU.ActiveCfg = Debug|Any CPU
		{88FF371D-BE12-469B-BEFB-654D8DCCA8C7}.Debug|Any CPU.Build.0 = Debug|Any CPU
		{88FF371D-BE12-469B-BEFB-654D8DCCA8C7}.Release|Any CPU.ActiveCfg = Release|Any CPU
		{88FF371D-BE12-469B-BEFB-654D8DCCA8C7}.Release|Any CPU.Build.0 = Release|Any CPU
		{186D9347-AC05-4EEA-813C-819F62759AEA}.Debug|Any CPU.ActiveCfg = Debug|Any CPU
		{186D9347-AC05-4EEA-813C-819F62759AEA}.Debug|Any CPU.Build.0 = Debug|Any CPU
		{186D9347-AC05-4EEA-813C-819F62759AEA}.Release|Any CPU.ActiveCfg = Release|Any CPU
		{186D9347-AC05-4EEA-813C-819F62759AEA}.Release|Any CPU.Build.0 = Release|Any CPU
	EndGlobalSection
	GlobalSection(SolutionProperties) = preSolution
		HideSolutionNode = FALSE
	EndGlobalSection
	GlobalSection(NestedProjects) = preSolution
		{88FF371D-BE12-469B-BEFB-654D8DCCA8C7} = {FF5C78F5-5ADD-40F1-B472-6A39E8E5247D}
		{186D9347-AC05-4EEA-813C-819F62759AEA} = {FF5C78F5-5ADD-40F1-B472-6A39E8E5247D}
	EndGlobalSection
EndGlobal
